// !$*UTF8*$!
{
	archiveVersion = 1;
	classes = {
	};
	objectVersion = 50;
	objects = {

/* Begin PBXBuildFile section */
		3C9399832130934C000681D5 /* ConfigParser.swift in Sources */ = {isa = PBXBuildFile; fileRef = 3C9399822130934C000681D5 /* ConfigParser.swift */; };
		3CE98CBF212D8EAC00E6C261 /* AppDelegate.swift in Sources */ = {isa = PBXBuildFile; fileRef = 3CE98CBE212D8EAC00E6C261 /* AppDelegate.swift */; };
		3CE98CC1212D8EAC00E6C261 /* ViewController.swift in Sources */ = {isa = PBXBuildFile; fileRef = 3CE98CC0212D8EAC00E6C261 /* ViewController.swift */; };
		3CE98CC4212D8EAC00E6C261 /* Main.storyboard in Resources */ = {isa = PBXBuildFile; fileRef = 3CE98CC2212D8EAC00E6C261 /* Main.storyboard */; };
		3CE98CC6212D8EAD00E6C261 /* Assets.xcassets in Resources */ = {isa = PBXBuildFile; fileRef = 3CE98CC5212D8EAD00E6C261 /* Assets.xcassets */; };
		3CE98CC9212D8EAD00E6C261 /* LaunchScreen.storyboard in Resources */ = {isa = PBXBuildFile; fileRef = 3CE98CC7212D8EAD00E6C261 /* LaunchScreen.storyboard */; };
		3CE98CD3212D906700E6C261 /* Socket.framework in Frameworks */ = {isa = PBXBuildFile; fileRef = 3CE98CD1212D904600E6C261 /* Socket.framework */; };
		3CE98CD4212D906700E6C261 /* Socket.framework in Embed Frameworks */ = {isa = PBXBuildFile; fileRef = 3CE98CD1212D904600E6C261 /* Socket.framework */; settings = {ATTRIBUTES = (CodeSignOnCopy, RemoveHeadersOnCopy, ); }; };
		3CE98CD9212D947700E6C261 /* EchoServer.swift in Sources */ = {isa = PBXBuildFile; fileRef = 3CE98CD8212D947700E6C261 /* EchoServer.swift */; };
		3CE98CDB212DA5A300E6C261 /* SwiftSocket.framework in Frameworks */ = {isa = PBXBuildFile; fileRef = 3CE98CDA212DA5A300E6C261 /* SwiftSocket.framework */; };
		3CE98CDD212EF15000E6C261 /* IJProgressView.swift in Sources */ = {isa = PBXBuildFile; fileRef = 3CE98CDC212EF15000E6C261 /* IJProgressView.swift */; };
		3CE98CDF212F4CE600E6C261 /* StatusParser.swift in Sources */ = {isa = PBXBuildFile; fileRef = 3CE98CDE212F4CE500E6C261 /* StatusParser.swift */; };
		3CE98CE1212F4D3C00E6C261 /* WifiDevice.swift in Sources */ = {isa = PBXBuildFile; fileRef = 3CE98CE0212F4D3C00E6C261 /* WifiDevice.swift */; };
/* End PBXBuildFile section */

/* Begin PBXCopyFilesBuildPhase section */
		3CE98CD5212D906700E6C261 /* Embed Frameworks */ = {
			isa = PBXCopyFilesBuildPhase;
			buildActionMask = 2147483647;
			dstPath = "";
			dstSubfolderSpec = 10;
			files = (
				3CE98CD4212D906700E6C261 /* Socket.framework in Embed Frameworks */,
			);
			name = "Embed Frameworks";
			runOnlyForDeploymentPostprocessing = 0;
		};
/* End PBXCopyFilesBuildPhase section */

/* Begin PBXFileReference section */
		3C9399822130934C000681D5 /* ConfigParser.swift */ = {isa = PBXFileReference; lastKnownFileType = sourcecode.swift; path = ConfigParser.swift; sourceTree = "<group>"; };
		3CE98CBB212D8EAB00E6C261 /* TCPConnection.app */ = {isa = PBXFileReference; explicitFileType = wrapper.application; includeInIndex = 0; path = TCPConnection.app; sourceTree = BUILT_PRODUCTS_DIR; };
		3CE98CBE212D8EAC00E6C261 /* AppDelegate.swift */ = {isa = PBXFileReference; lastKnownFileType = sourcecode.swift; path = AppDelegate.swift; sourceTree = "<group>"; };
		3CE98CC0212D8EAC00E6C261 /* ViewController.swift */ = {isa = PBXFileReference; lastKnownFileType = sourcecode.swift; path = ViewController.swift; sourceTree = "<group>"; };
		3CE98CC3212D8EAC00E6C261 /* Base */ = {isa = PBXFileReference; lastKnownFileType = file.storyboard; name = Base; path = Base.lproj/Main.storyboard; sourceTree = "<group>"; };
		3CE98CC5212D8EAD00E6C261 /* Assets.xcassets */ = {isa = PBXFileReference; lastKnownFileType = folder.assetcatalog; path = Assets.xcassets; sourceTree = "<group>"; };
		3CE98CC8212D8EAD00E6C261 /* Base */ = {isa = PBXFileReference; lastKnownFileType = file.storyboard; name = Base; path = Base.lproj/LaunchScreen.storyboard; sourceTree = "<group>"; };
		3CE98CCA212D8EAD00E6C261 /* Info.plist */ = {isa = PBXFileReference; lastKnownFileType = text.plist.xml; path = Info.plist; sourceTree = "<group>"; };
		3CE98CD1212D904600E6C261 /* Socket.framework */ = {isa = PBXFileReference; lastKnownFileType = wrapper.framework; name = Socket.framework; path = Carthage/Build/iOS/Socket.framework; sourceTree = SOURCE_ROOT; };
		3CE98CD8212D947700E6C261 /* EchoServer.swift */ = {isa = PBXFileReference; lastKnownFileType = sourcecode.swift; path = EchoServer.swift; sourceTree = "<group>"; };
		3CE98CDA212DA5A300E6C261 /* SwiftSocket.framework */ = {isa = PBXFileReference; lastKnownFileType = wrapper.framework; name = SwiftSocket.framework; path = Carthage/Build/iOS/SwiftSocket.framework; sourceTree = SOURCE_ROOT; };
		3CE98CDC212EF15000E6C261 /* IJProgressView.swift */ = {isa = PBXFileReference; fileEncoding = 4; lastKnownFileType = sourcecode.swift; path = IJProgressView.swift; sourceTree = "<group>"; };
		3CE98CDE212F4CE500E6C261 /* StatusParser.swift */ = {isa = PBXFileReference; lastKnownFileType = sourcecode.swift; path = StatusParser.swift; sourceTree = "<group>"; };
		3CE98CE0212F4D3C00E6C261 /* WifiDevice.swift */ = {isa = PBXFileReference; lastKnownFileType = sourcecode.swift; path = WifiDevice.swift; sourceTree = "<group>"; };
/* End PBXFileReference section */

/* Begin PBXFrameworksBuildPhase section */
		3CE98CB8212D8EAB00E6C261 /* Frameworks */ = {
			isa = PBXFrameworksBuildPhase;
			buildActionMask = 2147483647;
			files = (
				3CE98CD3212D906700E6C261 /* Socket.framework in Frameworks */,
				3CE98CDB212DA5A300E6C261 /* SwiftSocket.framework in Frameworks */,
			);
			runOnlyForDeploymentPostprocessing = 0;
		};
/* End PBXFrameworksBuildPhase section */

/* Begin PBXGroup section */
		3CE98CB2212D8EAB00E6C261 = {
			isa = PBXGroup;
			children = (
				3CE98CBD212D8EAB00E6C261 /* TCPConnection */,
				3CE98CBC212D8EAB00E6C261 /* Products */,
				3CE98CD0212D903000E6C261 /* Frameworks */,
			);
			sourceTree = "<group>";
		};
		3CE98CBC212D8EAB00E6C261 /* Products */ = {
			isa = PBXGroup;
			children = (
				3CE98CBB212D8EAB00E6C261 /* TCPConnection.app */,
			);
			name = Products;
			sourceTree = "<group>";
		};
		3CE98CBD212D8EAB00E6C261 /* TCPConnection */ = {
			isa = PBXGroup;
			children = (
				3CE98CDC212EF15000E6C261 /* IJProgressView.swift */,
				3CE98CBE212D8EAC00E6C261 /* AppDelegate.swift */,
				3CE98CC0212D8EAC00E6C261 /* ViewController.swift */,
				3CE98CC2212D8EAC00E6C261 /* Main.storyboard */,
				3CE98CC5212D8EAD00E6C261 /* Assets.xcassets */,
				3CE98CC7212D8EAD00E6C261 /* LaunchScreen.storyboard */,
				3CE98CCA212D8EAD00E6C261 /* Info.plist */,
				3CE98CD8212D947700E6C261 /* EchoServer.swift */,
				3CE98CE0212F4D3C00E6C261 /* WifiDevice.swift */,
				3CE98CDE212F4CE500E6C261 /* StatusParser.swift */,
				3C9399822130934C000681D5 /* ConfigParser.swift */,
			);
			path = TCPConnection;
			sourceTree = "<group>";
		};
		3CE98CD0212D903000E6C261 /* Frameworks */ = {
			isa = PBXGroup;
			children = (
				3CE98CDA212DA5A300E6C261 /* SwiftSocket.framework */,
				3CE98CD1212D904600E6C261 /* Socket.framework */,
			);
			path = Frameworks;
			sourceTree = "<group>";
		};
/* End PBXGroup section */

/* Begin PBXNativeTarget section */
		3CE98CBA212D8EAB00E6C261 /* TCPConnection */ = {
			isa = PBXNativeTarget;
			buildConfigurationList = 3CE98CCD212D8EAD00E6C261 /* Build configuration list for PBXNativeTarget "TCPConnection" */;
			buildPhases = (
				3CE98CB7212D8EAB00E6C261 /* Sources */,
				3CE98CB8212D8EAB00E6C261 /* Frameworks */,
				3CE98CB9212D8EAB00E6C261 /* Resources */,
				3CE98CD5212D906700E6C261 /* Embed Frameworks */,
				3CE98CD7212D909E00E6C261 /* Carthage */,
			);
			buildRules = (
			);
			dependencies = (
			);
			name = TCPConnection;
			productName = TCPConnection;
			productReference = 3CE98CBB212D8EAB00E6C261 /* TCPConnection.app */;
			productType = "com.apple.product-type.application";
		};
/* End PBXNativeTarget section */

/* Begin PBXProject section */
		3CE98CB3212D8EAB00E6C261 /* Project object */ = {
			isa = PBXProject;
			attributes = {
				LastSwiftUpdateCheck = 0940;
				LastUpgradeCheck = 0940;
				ORGANIZATIONNAME = krentz;
				TargetAttributes = {
					3CE98CBA212D8EAB00E6C261 = {
						CreatedOnToolsVersion = 9.4.1;
					};
				};
			};
			buildConfigurationList = 3CE98CB6212D8EAB00E6C261 /* Build configuration list for PBXProject "TCPConnection" */;
			compatibilityVersion = "Xcode 9.3";
			developmentRegion = en;
			hasScannedForEncodings = 0;
			knownRegions = (
				en,
				Base,
			);
			mainGroup = 3CE98CB2212D8EAB00E6C261;
			productRefGroup = 3CE98CBC212D8EAB00E6C261 /* Products */;
			projectDirPath = "";
			projectRoot = "";
			targets = (
				3CE98CBA212D8EAB00E6C261 /* TCPConnection */,
			);
		};
/* End PBXProject section */

/* Begin PBXResourcesBuildPhase section */
		3CE98CB9212D8EAB00E6C261 /* Resources */ = {
			isa = PBXResourcesBuildPhase;
			buildActionMask = 2147483647;
			files = (
				3CE98CC9212D8EAD00E6C261 /* LaunchScreen.storyboard in Resources */,
				3CE98CC6212D8EAD00E6C261 /* Assets.xcassets in Resources */,
				3CE98CC4212D8EAC00E6C261 /* Main.storyboard in Resources */,
			);
			runOnlyForDeploymentPostprocessing = 0;
		};
/* End PBXResourcesBuildPhase section */

/* Begin PBXShellScriptBuildPhase section */
		3CE98CD7212D909E00E6C261 /* Carthage */ = {
			isa = PBXShellScriptBuildPhase;
			buildActionMask = 2147483647;
			files = (
			);
			inputPaths = (
				"$(SRCROOT)/Carthage/Build/iOS/Socket.framework",
				"$(SRCROOT)/Carthage/Build/iOS/SwiftSocket.framework",
			);
			name = Carthage;
			outputPaths = (
			);
			runOnlyForDeploymentPostprocessing = 0;
			shellPath = /bin/sh;
			shellScript = "/usr/local/bin/carthage copy-frameworks";
		};
/* End PBXShellScriptBuildPhase section */

/* Begin PBXSourcesBuildPhase section */
		3CE98CB7212D8EAB00E6C261 /* Sources */ = {
			isa = PBXSourcesBuildPhase;
			buildActionMask = 2147483647;
			files = (
				3CE98CD9212D947700E6C261 /* EchoServer.swift in Sources */,
				3CE98CC1212D8EAC00E6C261 /* ViewController.swift in Sources */,
				3CE98CDD212EF15000E6C261 /* IJProgressView.swift in Sources */,
				3C9399832130934C000681D5 /* ConfigParser.swift in Sources */,
				3CE98CDF212F4CE600E6C261 /* StatusParser.swift in Sources */,
				3CE98CE1212F4D3C00E6C261 /* WifiDevice.swift in Sources */,
				3CE98CBF212D8EAC00E6C261 /* AppDelegate.swift in Sources */,
			);
			runOnlyForDeploymentPostprocessing = 0;
		};
/* End PBXSourcesBuildPhase section */

/* Begin PBXVariantGroup section */
		3CE98CC2212D8EAC00E6C261 /* Main.storyboard */ = {
			isa = PBXVariantGroup;
			children = (
				3CE98CC3212D8EAC00E6C261 /* Base */,
			);
			name = Main.storyboard;
			sourceTree = "<group>";
		};
		3CE98CC7212D8EAD00E6C261 /* LaunchScreen.storyboard */ = {
			isa = PBXVariantGroup;
			children = (
				3CE98CC8212D8EAD00E6C261 /* Base */,
			);
			name = LaunchScreen.storyboard;
			sourceTree = "<group>";
		};
/* End PBXVariantGroup section */

/* Begin XCBuildConfiguration section */
		3CE98CCB212D8EAD00E6C261 /* Debug */ = {
			isa = XCBuildConfiguration;
			buildSettings = {
				ALWAYS_SEARCH_USER_PATHS = NO;
				CLANG_ANALYZER_NONNULL = YES;
				CLANG_ANALYZER_NUMBER_OBJECT_CONVERSION = YES_AGGRESSIVE;
				CLANG_CXX_LANGUAGE_STANDARD = "gnu++14";
				CLANG_CXX_LIBRARY = "libc++";
				CLANG_ENABLE_MODULES = YES;
				CLANG_ENABLE_OBJC_ARC = YES;
				CLANG_ENABLE_OBJC_WEAK = YES;
				CLANG_WARN_BLOCK_CAPTURE_AUTORELEASING = YES;
				CLANG_WARN_BOOL_CONVERSION = YES;
				CLANG_WARN_COMMA = YES;
				CLANG_WARN_CONSTANT_CONVERSION = YES;
				CLANG_WARN_DEPRECATED_OBJC_IMPLEMENTATIONS = YES;
				CLANG_WARN_DIRECT_OBJC_ISA_USAGE = YES_ERROR;
				CLANG_WARN_DOCUMENTATION_COMMENTS = YES;
				CLANG_WARN_EMPTY_BODY = YES;
				CLANG_WARN_ENUM_CONVERSION = YES;
				CLANG_WARN_INFINITE_RECURSION = YES;
				CLANG_WARN_INT_CONVERSION = YES;
				CLANG_WARN_NON_LITERAL_NULL_CONVERSION = YES;
				CLANG_WARN_OBJC_IMPLICIT_RETAIN_SELF = YES;
				CLANG_WARN_OBJC_LITERAL_CONVERSION = YES;
				CLANG_WARN_OBJC_ROOT_CLASS = YES_ERROR;
				CLANG_WARN_RANGE_LOOP_ANALYSIS = YES;
				CLANG_WARN_STRICT_PROTOTYPES = YES;
				CLANG_WARN_SUSPICIOUS_MOVE = YES;
				CLANG_WARN_UNGUARDED_AVAILABILITY = YES_AGGRESSIVE;
				CLANG_WARN_UNREACHABLE_CODE = YES;
				CLANG_WARN__DUPLICATE_METHOD_MATCH = YES;
				CODE_SIGN_IDENTITY = "iPhone Developer";
				COPY_PHASE_STRIP = NO;
				DEBUG_INFORMATION_FORMAT = dwarf;
				ENABLE_STRICT_OBJC_MSGSEND = YES;
				ENABLE_TESTABILITY = YES;
				GCC_C_LANGUAGE_STANDARD = gnu11;
				GCC_DYNAMIC_NO_PIC = NO;
				GCC_NO_COMMON_BLOCKS = YES;
				GCC_OPTIMIZATION_LEVEL = 0;
				GCC_PREPROCESSOR_DEFINITIONS = (
					"DEBUG=1",
					"$(inherited)",
				);
				GCC_WARN_64_TO_32_BIT_CONVERSION = YES;
				GCC_WARN_ABOUT_RETURN_TYPE = YES_ERROR;
				GCC_WARN_UNDECLARED_SELECTOR = YES;
				GCC_WARN_UNINITIALIZED_AUTOS = YES_AGGRESSIVE;
				GCC_WARN_UNUSED_FUNCTION = YES;
				GCC_WARN_UNUSED_VARIABLE = YES;
				IPHONEOS_DEPLOYMENT_TARGET = 11.4;
				MTL_ENABLE_DEBUG_INFO = YES;
				ONLY_ACTIVE_ARCH = YES;
				SDKROOT = iphoneos;
				SWIFT_ACTIVE_COMPILATION_CONDITIONS = DEBUG;
				SWIFT_OPTIMIZATION_LEVEL = "-Onone";
			};
			name = Debug;
		};
		3CE98CCC212D8EAD00E6C261 /* Release */ = {
			isa = XCBuildConfiguration;
			buildSettings = {
				ALWAYS_SEARCH_USER_PATHS = NO;
				CLANG_ANALYZER_NONNULL = YES;
				CLANG_ANALYZER_NUMBER_OBJECT_CONVERSION = YES_AGGRESSIVE;
				CLANG_CXX_LANGUAGE_STANDARD = "gnu++14";
				CLANG_CXX_LIBRARY = "libc++";
				CLANG_ENABLE_MODULES = YES;
				CLANG_ENABLE_OBJC_ARC = YES;
				CLANG_ENABLE_OBJC_WEAK = YES;
				CLANG_WARN_BLOCK_CAPTURE_AUTORELEASING = YES;
				CLANG_WARN_BOOL_CONVERSION = YES;
				CLANG_WARN_COMMA = YES;
				CLANG_WARN_CONSTANT_CONVERSION = YES;
				CLANG_WARN_DEPRECATED_OBJC_IMPLEMENTATIONS = YES;
				CLANG_WARN_DIRECT_OBJC_ISA_USAGE = YES_ERROR;
				CLANG_WARN_DOCUMENTATION_COMMENTS = YES;
				CLANG_WARN_EMPTY_BODY = YES;
				CLANG_WARN_ENUM_CONVERSION = YES;
				CLANG_WARN_INFINITE_RECURSION = YES;
				CLANG_WARN_INT_CONVERSION = YES;
				CLANG_WARN_NON_LITERAL_NULL_CONVERSION = YES;
				CLANG_WARN_OBJC_IMPLICIT_RETAIN_SELF = YES;
				CLANG_WARN_OBJC_LITERAL_CONVERSION = YES;
				CLANG_WARN_OBJC_ROOT_CLASS = YES_ERROR;
				CLANG_WARN_RANGE_LOOP_ANALYSIS = YES;
				CLANG_WARN_STRICT_PROTOTYPES = YES;
				CLANG_WARN_SUSPICIOUS_MOVE = YES;
				CLANG_WARN_UNGUARDED_AVAILABILITY = YES_AGGRESSIVE;
				CLANG_WARN_UNREACHABLE_CODE = YES;
				CLANG_WARN__DUPLICATE_METHOD_MATCH = YES;
				CODE_SIGN_IDENTITY = "iPhone Developer";
				COPY_PHASE_STRIP = NO;
				DEBUG_INFORMATION_FORMAT = "dwarf-with-dsym";
				ENABLE_NS_ASSERTIONS = NO;
				ENABLE_STRICT_OBJC_MSGSEND = YES;
				GCC_C_LANGUAGE_STANDARD = gnu11;
				GCC_NO_COMMON_BLOCKS = YES;
				GCC_WARN_64_TO_32_BIT_CONVERSION = YES;
				GCC_WARN_ABOUT_RETURN_TYPE = YES_ERROR;
				GCC_WARN_UNDECLARED_SELECTOR = YES;
				GCC_WARN_UNINITIALIZED_AUTOS = YES_AGGRESSIVE;
				GCC_WARN_UNUSED_FUNCTION = YES;
				GCC_WARN_UNUSED_VARIABLE = YES;
				IPHONEOS_DEPLOYMENT_TARGET = 11.4;
				MTL_ENABLE_DEBUG_INFO = NO;
				SDKROOT = iphoneos;
				SWIFT_COMPILATION_MODE = wholemodule;
				SWIFT_OPTIMIZATION_LEVEL = "-O";
				VALIDATE_PRODUCT = YES;
			};
			name = Release;
		};
		3CE98CCE212D8EAD00E6C261 /* Debug */ = {
			isa = XCBuildConfiguration;
			buildSettings = {
				ASSETCATALOG_COMPILER_APPICON_NAME = AppIcon;
				CODE_SIGN_STYLE = Automatic;
				DEVELOPMENT_TEAM = R8ZX2P739G;
				FRAMEWORK_SEARCH_PATHS = (
					"$(inherited)",
					"$(PROJECT_DIR)/Carthage/Build/iOS",
				);
				INFOPLIST_FILE = TCPConnection/Info.plist;
				LD_RUNPATH_SEARCH_PATHS = (
					"$(inherited)",
					"@executable_path/Frameworks",
				);
				PRODUCT_BUNDLE_IDENTIFIER = com.TCPConnection;
				PRODUCT_NAME = "$(TARGET_NAME)";
				SWIFT_VERSION = 4.0;
				TARGETED_DEVICE_FAMILY = "1,2";
			};
			name = Debug;
		};
		3CE98CCF212D8EAD00E6C261 /* Release */ = {
			isa = XCBuildConfiguration;
			buildSettings = {
				ASSETCATALOG_COMPILER_APPICON_NAME = AppIcon;
				CODE_SIGN_STYLE = Automatic;
				DEVELOPMENT_TEAM = R8ZX2P739G;
				FRAMEWORK_SEARCH_PATHS = (
					"$(inherited)",
					"$(PROJECT_DIR)/Carthage/Build/iOS",
				);
				INFOPLIST_FILE = TCPConnection/Info.plist;
				LD_RUNPATH_SEARCH_PATHS = (
					"$(inherited)",
					"@executable_path/Frameworks",
				);
				PRODUCT_BUNDLE_IDENTIFIER = com.TCPConnection;
				PRODUCT_NAME = "$(TARGET_NAME)";
				SWIFT_VERSION = 4.0;
				TARGETED_DEVICE_FAMILY = "1,2";
			};
			name = Release;
		};
/* End XCBuildConfiguration section */

/* Begin XCConfigurationList section */
		3CE98CB6212D8EAB00E6C261 /* Build configuration list for PBXProject "TCPConnection" */ = {
			isa = XCConfigurationList;
			buildConfigurations = (
				3CE98CCB212D8EAD00E6C261 /* Debug */,
				3CE98CCC212D8EAD00E6C261 /* Release */,
			);
			defaultConfigurationIsVisible = 0;
			defaultConfigurationName = Release;
		};
		3CE98CCD212D8EAD00E6C261 /* Build configuration list for PBXNativeTarget "TCPConnection" */ = {
			isa = XCConfigurationList;
			buildConfigurations = (
				3CE98CCE212D8EAD00E6C261 /* Debug */,
				3CE98CCF212D8EAD00E6C261 /* Release */,
			);
			defaultConfigurationIsVisible = 0;
			defaultConfigurationName = Release;
		};
/* End XCConfigurationList section */
	};
	rootObject = 3CE98CB3212D8EAB00E6C261 /* Project object */;
}
